
Microsoft Visual Studio Solution File, Format Version 12.00
# Visual Studio Version 17
VisualStudioVersion = 17.8.34316.72
MinimumVisualStudioVersion = 10.0.40219.1
Project("{FAE04EC0-301F-11D3-BF4B-00C04F79EFBC}") = "Highlander_Logic", "Highlander_Logic\Highlander_Logic.csproj", "{898797F2-E4DC-40FF-A8DD-CB97E9F17361}"
EndProject
Global
	GlobalSection(SolutionConfigurationPlatforms) = preSolution
		Debug|Any CPU = Debug|Any CPU
		Debug|ARM = Debug|ARM
		Debug|ARM64 = Debug|ARM64
		Debug|x64 = Debug|x64
		Debug|x86 = Debug|x86
		Release|Any CPU = Release|Any CPU
		Release|ARM = Release|ARM
		Release|ARM64 = Release|ARM64
		Release|x64 = Release|x64
		Release|x86 = Release|x86
	EndGlobalSection
	GlobalSection(ProjectConfigurationPlatforms) = postSolution
		{898797F2-E4DC-40FF-A8DD-CB97E9F17361}.Debug|Any CPU.ActiveCfg = Debug|Any CPU
		{898797F2-E4DC-40FF-A8DD-CB97E9F17361}.Debug|Any CPU.Build.0 = Debug|Any CPU
		{898797F2-E4DC-40FF-A8DD-CB97E9F17361}.Debug|ARM.ActiveCfg = Debug|ARM
		{898797F2-E4DC-40FF-A8DD-CB97E9F17361}.Debug|ARM.Build.0 = Debug|ARM
		{898797F2-E4DC-40FF-A8DD-CB97E9F17361}.Debug|ARM64.ActiveCfg = Debug|ARM64
		{898797F2-E4DC-40FF-A8DD-CB97E9F17361}.Debug|ARM64.Build.0 = Debug|ARM64
		{898797F2-E4DC-40FF-A8DD-CB97E9F17361}.Debug|x64.ActiveCfg = Debug|x64
		{898797F2-E4DC-40FF-A8DD-CB97E9F17361}.Debug|x64.Build.0 = Debug|x64
		{898797F2-E4DC-40FF-A8DD-CB97E9F17361}.Debug|x86.ActiveCfg = Debug|x86
		{898797F2-E4DC-40FF-A8DD-CB97E9F17361}.Debug|x86.Build.0 = Debug|x86
		{898797F2-E4DC-40FF-A8DD-CB97E9F17361}.Release|Any CPU.ActiveCfg = Release|Any CPU
		{898797F2-E4DC-40FF-A8DD-CB97E9F17361}.Release|Any CPU.Build.0 = Release|Any CPU
		{898797F2-E4DC-40FF-A8DD-CB97E9F17361}.Release|ARM.ActiveCfg = Release|ARM
		{898797F2-E4DC-40FF-A8DD-CB97E9F17361}.Release|ARM.Build.0 = Release|ARM
		{898797F2-E4DC-40FF-A8DD-CB97E9F17361}.Release|ARM64.ActiveCfg = Release|ARM64
		{898797F2-E4DC-40FF-A8DD-CB97E9F17361}.Release|ARM64.Build.0 = Release|ARM64
		{898797F2-E4DC-40FF-A8DD-CB97E9F17361}.Release|x64.ActiveCfg = Release|x64
		{898797F2-E4DC-40FF-A8DD-CB97E9F17361}.Release|x64.Build.0 = Release|x64
		{898797F2-E4DC-40FF-A8DD-CB97E9F17361}.Release|x86.ActiveCfg = Release|x86
		{898797F2-E4DC-40FF-A8DD-CB97E9F17361}.Release|x86.Build.0 = Release|x86
	EndGlobalSection
	GlobalSection(SolutionProperties) = preSolution
		HideSolutionNode = FALSE
	EndGlobalSection
	GlobalSection(ExtensibilityGlobals) = postSolution
		SolutionGuid = {10110111-92F2-49E3-A0B4-C0B0A9CF83EE}
	EndGlobalSection
EndGlobal
